
Microsoft Visual Studio Solution File, Format Version 12.00
# Visual Studio Version 17
VisualStudioVersion = 17.1.32328.378
MinimumVisualStudioVersion = 10.0.40219.1
Project("{FAE04EC0-301F-11D3-BF4B-00C04F79EFBC}") = "InstagramMachine", "InstagramMachine\InstagramMachine.csproj", "{662C9BF7-E8C7-4E5D-ACCF-8DF58DB81BC3}"
EndProject
Project("{54435603-DBB4-11D2-8724-00A0C9A8B90C}") = "IGMachine", "IGMachine\IGMachine.vdproj", "{A3392F7B-0907-4B42-BE12-43D78267BA1E}"
EndProject
Global
	GlobalSection(SolutionConfigurationPlatforms) = preSolution
		Debug|Any CPU = Debug|Any CPU
		Release|Any CPU = Release|Any CPU
	EndGlobalSection
	GlobalSection(ProjectConfigurationPlatforms) = postSolution
		{662C9BF7-E8C7-4E5D-ACCF-8DF58DB81BC3}.Debug|Any CPU.ActiveCfg = Release|Any CPU
		{662C9BF7-E8C7-4E5D-ACCF-8DF58DB81BC3}.Debug|Any CPU.Build.0 = Release|Any CPU
		{662C9BF7-E8C7-4E5D-ACCF-8DF58DB81BC3}.Release|Any CPU.ActiveCfg = Release|Any CPU
		{662C9BF7-E8C7-4E5D-ACCF-8DF58DB81BC3}.Release|Any CPU.Build.0 = Release|Any CPU
		{A3392F7B-0907-4B42-BE12-43D78267BA1E}.Debug|Any CPU.ActiveCfg = Release
		{A3392F7B-0907-4B42-BE12-43D78267BA1E}.Release|Any CPU.ActiveCfg = Release
	EndGlobalSection
	GlobalSection(SolutionProperties) = preSolution
		HideSolutionNode = FALSE
	EndGlobalSection
	GlobalSection(ExtensibilityGlobals) = postSolution
		SolutionGuid = {AE60B209-F93F-4503-BB77-0AF99B274DD2}
	EndGlobalSection
EndGlobal
